// !$*UTF8*$!
{
	archiveVersion = 1;
	classes = {
	};
	objectVersion = 56;
	objects = {

/* Begin PBXBuildFile section */
		9F8B5AE8292E576E0032273B /* QUICApp.swift in Sources */ = {isa = PBXBuildFile; fileRef = 9F8B5AE7292E576E0032273B /* QUICApp.swift */; };
		9F8B5AEA292E576E0032273B /* ContentView.swift in Sources */ = {isa = PBXBuildFile; fileRef = 9F8B5AE9292E576E0032273B /* ContentView.swift */; };
		9F8B5AEC292E576F0032273B /* Assets.xcassets in Resources */ = {isa = PBXBuildFile; fileRef = 9F8B5AEB292E576F0032273B /* Assets.xcassets */; };
		9F8B5AF0292E576F0032273B /* Preview Assets.xcassets in Resources */ = {isa = PBXBuildFile; fileRef = 9F8B5AEF292E576F0032273B /* Preview Assets.xcassets */; };
		9F8B5AFA292E576F0032273B /* QUICTests.swift in Sources */ = {isa = PBXBuildFile; fileRef = 9F8B5AF9292E576F0032273B /* QUICTests.swift */; };
		9F8B5B04292E576F0032273B /* QUICUITests.swift in Sources */ = {isa = PBXBuildFile; fileRef = 9F8B5B03292E576F0032273B /* QUICUITests.swift */; };
		9F8B5B06292E576F0032273B /* QUICUITestsLaunchTests.swift in Sources */ = {isa = PBXBuildFile; fileRef = 9F8B5B05292E576F0032273B /* QUICUITestsLaunchTests.swift */; };
/* End PBXBuildFile section */

/* Begin PBXContainerItemProxy section */
		9F8B5AF6292E576F0032273B /* PBXContainerItemProxy */ = {
			isa = PBXContainerItemProxy;
			containerPortal = 9F8B5ADC292E576E0032273B /* Project object */;
			proxyType = 1;
			remoteGlobalIDString = 9F8B5AE3292E576E0032273B;
			remoteInfo = QUIC;
		};
		9F8B5B00292E576F0032273B /* PBXContainerItemProxy */ = {
			isa = PBXContainerItemProxy;
			containerPortal = 9F8B5ADC292E576E0032273B /* Project object */;
			proxyType = 1;
			remoteGlobalIDString = 9F8B5AE3292E576E0032273B;
			remoteInfo = QUIC;
		};
/* End PBXContainerItemProxy section */

/* Begin PBXFileReference section */
		9F8B5AE4292E576E0032273B /* QUIC.app */ = {isa = PBXFileReference; explicitFileType = wrapper.application; includeInIndex = 0; path = QUIC.app; sourceTree = BUILT_PRODUCTS_DIR; };
		9F8B5AE7292E576E0032273B /* QUICApp.swift */ = {isa = PBXFileReference; lastKnownFileType = sourcecode.swift; path = QUICApp.swift; sourceTree = "<group>"; };
		9F8B5AE9292E576E0032273B /* ContentView.swift */ = {isa = PBXFileReference; lastKnownFileType = sourcecode.swift; path = ContentView.swift; sourceTree = "<group>"; };
		9F8B5AEB292E576F0032273B /* Assets.xcassets */ = {isa = PBXFileReference; lastKnownFileType = folder.assetcatalog; path = Assets.xcassets; sourceTree = "<group>"; };
		9F8B5AED292E576F0032273B /* QUIC.entitlements */ = {isa = PBXFileReference; lastKnownFileType = text.plist.entitlements; path = QUIC.entitlements; sourceTree = "<group>"; };
		9F8B5AEF292E576F0032273B /* Preview Assets.xcassets */ = {isa = PBXFileReference; lastKnownFileType = folder.assetcatalog; path = "Preview Assets.xcassets"; sourceTree = "<group>"; };
		9F8B5AF5292E576F0032273B /* QUICTests.xctest */ = {isa = PBXFileReference; explicitFileType = wrapper.cfbundle; includeInIndex = 0; path = QUICTests.xctest; sourceTree = BUILT_PRODUCTS_DIR; };
		9F8B5AF9292E576F0032273B /* QUICTests.swift */ = {isa = PBXFileReference; lastKnownFileType = sourcecode.swift; path = QUICTests.swift; sourceTree = "<group>"; };
		9F8B5AFF292E576F0032273B /* QUICUITests.xctest */ = {isa = PBXFileReference; explicitFileType = wrapper.cfbundle; includeInIndex = 0; path = QUICUITests.xctest; sourceTree = BUILT_PRODUCTS_DIR; };
		9F8B5B03292E576F0032273B /* QUICUITests.swift */ = {isa = PBXFileReference; lastKnownFileType = sourcecode.swift; path = QUICUITests.swift; sourceTree = "<group>"; };
		9F8B5B05292E576F0032273B /* QUICUITestsLaunchTests.swift */ = {isa = PBXFileReference; lastKnownFileType = sourcecode.swift; path = QUICUITestsLaunchTests.swift; sourceTree = "<group>"; };
/* End PBXFileReference section */

/* Begin PBXFrameworksBuildPhase section */
		9F8B5AE1292E576E0032273B /* Frameworks */ = {
			isa = PBXFrameworksBuildPhase;
			buildActionMask = 2147483647;
			files = (
			);
			runOnlyForDeploymentPostprocessing = 0;
		};
		9F8B5AF2292E576F0032273B /* Frameworks */ = {
			isa = PBXFrameworksBuildPhase;
			buildActionMask = 2147483647;
			files = (
			);
			runOnlyForDeploymentPostprocessing = 0;
		};
		9F8B5AFC292E576F0032273B /* Frameworks */ = {
			isa = PBXFrameworksBuildPhase;
			buildActionMask = 2147483647;
			files = (
			);
			runOnlyForDeploymentPostprocessing = 0;
		};
/* End PBXFrameworksBuildPhase section */

/* Begin PBXGroup section */
		9F8B5ADB292E576E0032273B = {
			isa = PBXGroup;
			children = (
				9F8B5AE6292E576E0032273B /* QUIC */,
				9F8B5AF8292E576F0032273B /* QUICTests */,
				9F8B5B02292E576F0032273B /* QUICUITests */,
				9F8B5AE5292E576E0032273B /* Products */,
			);
			sourceTree = "<group>";
		};
		9F8B5AE5292E576E0032273B /* Products */ = {
			isa = PBXGroup;
			children = (
				9F8B5AE4292E576E0032273B /* QUIC.app */,
				9F8B5AF5292E576F0032273B /* QUICTests.xctest */,
				9F8B5AFF292E576F0032273B /* QUICUITests.xctest */,
			);
			name = Products;
			sourceTree = "<group>";
		};
		9F8B5AE6292E576E0032273B /* QUIC */ = {
			isa = PBXGroup;
			children = (
				9F8B5AE7292E576E0032273B /* QUICApp.swift */,
				9F8B5AE9292E576E0032273B /* ContentView.swift */,
				9F8B5AEB292E576F0032273B /* Assets.xcassets */,
				9F8B5AED292E576F0032273B /* QUIC.entitlements */,
				9F8B5AEE292E576F0032273B /* Preview Content */,
			);
			path = QUIC;
			sourceTree = "<group>";
		};
		9F8B5AEE292E576F0032273B /* Preview Content */ = {
			isa = PBXGroup;
			children = (
				9F8B5AEF292E576F0032273B /* Preview Assets.xcassets */,
			);
			path = "Preview Content";
			sourceTree = "<group>";
		};
		9F8B5AF8292E576F0032273B /* QUICTests */ = {
			isa = PBXGroup;
			children = (
				9F8B5AF9292E576F0032273B /* QUICTests.swift */,
			);
			path = QUICTests;
			sourceTree = "<group>";
		};
		9F8B5B02292E576F0032273B /* QUICUITests */ = {
			isa = PBXGroup;
			children = (
				9F8B5B03292E576F0032273B /* QUICUITests.swift */,
				9F8B5B05292E576F0032273B /* QUICUITestsLaunchTests.swift */,
			);
			path = QUICUITests;
			sourceTree = "<group>";
		};
/* End PBXGroup section */

/* Begin PBXNativeTarget section */
		9F8B5AE3292E576E0032273B /* QUIC */ = {
			isa = PBXNativeTarget;
			buildConfigurationList = 9F8B5B09292E576F0032273B /* Build configuration list for PBXNativeTarget "QUIC" */;
			buildPhases = (
				9F8B5AE0292E576E0032273B /* Sources */,
				9F8B5AE1292E576E0032273B /* Frameworks */,
				9F8B5AE2292E576E0032273B /* Resources */,
			);
			buildRules = (
			);
			dependencies = (
			);
			name = QUIC;
			productName = QUIC;
			productReference = 9F8B5AE4292E576E0032273B /* QUIC.app */;
			productType = "com.apple.product-type.application";
		};
		9F8B5AF4292E576F0032273B /* QUICTests */ = {
			isa = PBXNativeTarget;
			buildConfigurationList = 9F8B5B0C292E576F0032273B /* Build configuration list for PBXNativeTarget "QUICTests" */;
			buildPhases = (
				9F8B5AF1292E576F0032273B /* Sources */,
				9F8B5AF2292E576F0032273B /* Frameworks */,
				9F8B5AF3292E576F0032273B /* Resources */,
			);
			buildRules = (
			);
			dependencies = (
				9F8B5AF7292E576F0032273B /* PBXTargetDependency */,
			);
			name = QUICTests;
			productName = QUICTests;
			productReference = 9F8B5AF5292E576F0032273B /* QUICTests.xctest */;
			productType = "com.apple.product-type.bundle.unit-test";
		};
		9F8B5AFE292E576F0032273B /* QUICUITests */ = {
			isa = PBXNativeTarget;
			buildConfigurationList = 9F8B5B0F292E576F0032273B /* Build configuration list for PBXNativeTarget "QUICUITests" */;
			buildPhases = (
				9F8B5AFB292E576F0032273B /* Sources */,
				9F8B5AFC292E576F0032273B /* Frameworks */,
				9F8B5AFD292E576F0032273B /* Resources */,
			);
			buildRules = (
			);
			dependencies = (
				9F8B5B01292E576F0032273B /* PBXTargetDependency */,
			);
			name = QUICUITests;
			productName = QUICUITests;
			productReference = 9F8B5AFF292E576F0032273B /* QUICUITests.xctest */;
			productType = "com.apple.product-type.bundle.ui-testing";
		};
/* End PBXNativeTarget section */

/* Begin PBXProject section */
		9F8B5ADC292E576E0032273B /* Project object */ = {
			isa = PBXProject;
			attributes = {
				BuildIndependentTargetsInParallel = 1;
				LastSwiftUpdateCheck = 1410;
				LastUpgradeCheck = 1410;
				TargetAttributes = {
					9F8B5AE3292E576E0032273B = {
						CreatedOnToolsVersion = 14.1;
					};
					9F8B5AF4292E576F0032273B = {
						CreatedOnToolsVersion = 14.1;
						TestTargetID = 9F8B5AE3292E576E0032273B;
					};
					9F8B5AFE292E576F0032273B = {
						CreatedOnToolsVersion = 14.1;
						TestTargetID = 9F8B5AE3292E576E0032273B;
					};
				};
			};
			buildConfigurationList = 9F8B5ADF292E576E0032273B /* Build configuration list for PBXProject "QUIC" */;
			compatibilityVersion = "Xcode 14.0";
			developmentRegion = en;
			hasScannedForEncodings = 0;
			knownRegions = (
				en,
				Base,
			);
			mainGroup = 9F8B5ADB292E576E0032273B;
			productRefGroup = 9F8B5AE5292E576E0032273B /* Products */;
			projectDirPath = "";
			projectRoot = "";
			targets = (
				9F8B5AE3292E576E0032273B /* QUIC */,
				9F8B5AF4292E576F0032273B /* QUICTests */,
				9F8B5AFE292E576F0032273B /* QUICUITests */,
			);
		};
/* End PBXProject section */

/* Begin PBXResourcesBuildPhase section */
		9F8B5AE2292E576E0032273B /* Resources */ = {
			isa = PBXResourcesBuildPhase;
			buildActionMask = 2147483647;
			files = (
				9F8B5AF0292E576F0032273B /* Preview Assets.xcassets in Resources */,
				9F8B5AEC292E576F0032273B /* Assets.xcassets in Resources */,
			);
			runOnlyForDeploymentPostprocessing = 0;
		};
		9F8B5AF3292E576F0032273B /* Resources */ = {
			isa = PBXResourcesBuildPhase;
			buildActionMask = 2147483647;
			files = (
			);
			runOnlyForDeploymentPostprocessing = 0;
		};
		9F8B5AFD292E576F0032273B /* Resources */ = {
			isa = PBXResourcesBuildPhase;
			buildActionMask = 2147483647;
			files = (
			);
			runOnlyForDeploymentPostprocessing = 0;
		};
/* End PBXResourcesBuildPhase section */

/* Begin PBXSourcesBuildPhase section */
		9F8B5AE0292E576E0032273B /* Sources */ = {
			isa = PBXSourcesBuildPhase;
			buildActionMask = 2147483647;
			files = (
				9F8B5AEA292E576E0032273B /* ContentView.swift in Sources */,
				9F8B5AE8292E576E0032273B /* QUICApp.swift in Sources */,
			);
			runOnlyForDeploymentPostprocessing = 0;
		};
		9F8B5AF1292E576F0032273B /* Sources */ = {
			isa = PBXSourcesBuildPhase;
			buildActionMask = 2147483647;
			files = (
				9F8B5AFA292E576F0032273B /* QUICTests.swift in Sources */,
			);
			runOnlyForDeploymentPostprocessing = 0;
		};
		9F8B5AFB292E576F0032273B /* Sources */ = {
			isa = PBXSourcesBuildPhase;
			buildActionMask = 2147483647;
			files = (
				9F8B5B06292E576F0032273B /* QUICUITestsLaunchTests.swift in Sources */,
				9F8B5B04292E576F0032273B /* QUICUITests.swift in Sources */,
			);
			runOnlyForDeploymentPostprocessing = 0;
		};
/* End PBXSourcesBuildPhase section */

/* Begin PBXTargetDependency section */
		9F8B5AF7292E576F0032273B /* PBXTargetDependency */ = {
			isa = PBXTargetDependency;
			target = 9F8B5AE3292E576E0032273B /* QUIC */;
			targetProxy = 9F8B5AF6292E576F0032273B /* PBXContainerItemProxy */;
		};
		9F8B5B01292E576F0032273B /* PBXTargetDependency */ = {
			isa = PBXTargetDependency;
			target = 9F8B5AE3292E576E0032273B /* QUIC */;
			targetProxy = 9F8B5B00292E576F0032273B /* PBXContainerItemProxy */;
		};
/* End PBXTargetDependency section */

/* Begin XCBuildConfiguration section */
		9F8B5B07292E576F0032273B /* Debug */ = {
			isa = XCBuildConfiguration;
			buildSettings = {
				ALWAYS_SEARCH_USER_PATHS = NO;
				CLANG_ANALYZER_NONNULL = YES;
				CLANG_ANALYZER_NUMBER_OBJECT_CONVERSION = YES_AGGRESSIVE;
				CLANG_CXX_LANGUAGE_STANDARD = "gnu++20";
				CLANG_ENABLE_MODULES = YES;
				CLANG_ENABLE_OBJC_ARC = YES;
				CLANG_ENABLE_OBJC_WEAK = YES;
				CLANG_WARN_BLOCK_CAPTURE_AUTORELEASING = YES;
				CLANG_WARN_BOOL_CONVERSION = YES;
				CLANG_WARN_COMMA = YES;
				CLANG_WARN_CONSTANT_CONVERSION = YES;
				CLANG_WARN_DEPRECATED_OBJC_IMPLEMENTATIONS = YES;
				CLANG_WARN_DIRECT_OBJC_ISA_USAGE = YES_ERROR;
				CLANG_WARN_DOCUMENTATION_COMMENTS = YES;
				CLANG_WARN_EMPTY_BODY = YES;
				CLANG_WARN_ENUM_CONVERSION = YES;
				CLANG_WARN_INFINITE_RECURSION = YES;
				CLANG_WARN_INT_CONVERSION = YES;
				CLANG_WARN_NON_LITERAL_NULL_CONVERSION = YES;
				CLANG_WARN_OBJC_IMPLICIT_RETAIN_SELF = YES;
				CLANG_WARN_OBJC_LITERAL_CONVERSION = YES;
				CLANG_WARN_OBJC_ROOT_CLASS = YES_ERROR;
				CLANG_WARN_QUOTED_INCLUDE_IN_FRAMEWORK_HEADER = YES;
				CLANG_WARN_RANGE_LOOP_ANALYSIS = YES;
				CLANG_WARN_STRICT_PROTOTYPES = YES;
				CLANG_WARN_SUSPICIOUS_MOVE = YES;
				CLANG_WARN_UNGUARDED_AVAILABILITY = YES_AGGRESSIVE;
				CLANG_WARN_UNREACHABLE_CODE = YES;
				CLANG_WARN__DUPLICATE_METHOD_MATCH = YES;
				COPY_PHASE_STRIP = NO;
				DEBUG_INFORMATION_FORMAT = dwarf;
				ENABLE_STRICT_OBJC_MSGSEND = YES;
				ENABLE_TESTABILITY = YES;
				GCC_C_LANGUAGE_STANDARD = gnu11;
				GCC_DYNAMIC_NO_PIC = NO;
				GCC_NO_COMMON_BLOCKS = YES;
				GCC_OPTIMIZATION_LEVEL = 0;
				GCC_PREPROCESSOR_DEFINITIONS = (
					"DEBUG=1",
					"$(inherited)",
				);
				GCC_WARN_64_TO_32_BIT_CONVERSION = YES;
				GCC_WARN_ABOUT_RETURN_TYPE = YES_ERROR;
				GCC_WARN_UNDECLARED_SELECTOR = YES;
				GCC_WARN_UNINITIALIZED_AUTOS = YES_AGGRESSIVE;
				GCC_WARN_UNUSED_FUNCTION = YES;
				GCC_WARN_UNUSED_VARIABLE = YES;
				MTL_ENABLE_DEBUG_INFO = INCLUDE_SOURCE;
				MTL_FAST_MATH = YES;
				ONLY_ACTIVE_ARCH = YES;
				SWIFT_ACTIVE_COMPILATION_CONDITIONS = DEBUG;
				SWIFT_OPTIMIZATION_LEVEL = "-Onone";
			};
			name = Debug;
		};
		9F8B5B08292E576F0032273B /* Release */ = {
			isa = XCBuildConfiguration;
			buildSettings = {
				ALWAYS_SEARCH_USER_PATHS = NO;
				CLANG_ANALYZER_NONNULL = YES;
				CLANG_ANALYZER_NUMBER_OBJECT_CONVERSION = YES_AGGRESSIVE;
				CLANG_CXX_LANGUAGE_STANDARD = "gnu++20";
				CLANG_ENABLE_MODULES = YES;
				CLANG_ENABLE_OBJC_ARC = YES;
				CLANG_ENABLE_OBJC_WEAK = YES;
				CLANG_WARN_BLOCK_CAPTURE_AUTORELEASING = YES;
				CLANG_WARN_BOOL_CONVERSION = YES;
				CLANG_WARN_COMMA = YES;
				CLANG_WARN_CONSTANT_CONVERSION = YES;
				CLANG_WARN_DEPRECATED_OBJC_IMPLEMENTATIONS = YES;
				CLANG_WARN_DIRECT_OBJC_ISA_USAGE = YES_ERROR;
				CLANG_WARN_DOCUMENTATION_COMMENTS = YES;
				CLANG_WARN_EMPTY_BODY = YES;
				CLANG_WARN_ENUM_CONVERSION = YES;
				CLANG_WARN_INFINITE_RECURSION = YES;
				CLANG_WARN_INT_CONVERSION = YES;
				CLANG_WARN_NON_LITERAL_NULL_CONVERSION = YES;
				CLANG_WARN_OBJC_IMPLICIT_RETAIN_SELF = YES;
				CLANG_WARN_OBJC_LITERAL_CONVERSION = YES;
				CLANG_WARN_OBJC_ROOT_CLASS = YES_ERROR;
				CLANG_WARN_QUOTED_INCLUDE_IN_FRAMEWORK_HEADER = YES;
				CLANG_WARN_RANGE_LOOP_ANALYSIS = YES;
				CLANG_WARN_STRICT_PROTOTYPES = YES;
				CLANG_WARN_SUSPICIOUS_MOVE = YES;
				CLANG_WARN_UNGUARDED_AVAILABILITY = YES_AGGRESSIVE;
				CLANG_WARN_UNREACHABLE_CODE = YES;
				CLANG_WARN__DUPLICATE_METHOD_MATCH = YES;
				COPY_PHASE_STRIP = NO;
				DEBUG_INFORMATION_FORMAT = "dwarf-with-dsym";
				ENABLE_NS_ASSERTIONS = NO;
				ENABLE_STRICT_OBJC_MSGSEND = YES;
				GCC_C_LANGUAGE_STANDARD = gnu11;
				GCC_NO_COMMON_BLOCKS = YES;
				GCC_WARN_64_TO_32_BIT_CONVERSION = YES;
				GCC_WARN_ABOUT_RETURN_TYPE = YES_ERROR;
				GCC_WARN_UNDECLARED_SELECTOR = YES;
				GCC_WARN_UNINITIALIZED_AUTOS = YES_AGGRESSIVE;
				GCC_WARN_UNUSED_FUNCTION = YES;
				GCC_WARN_UNUSED_VARIABLE = YES;
				MTL_ENABLE_DEBUG_INFO = NO;
				MTL_FAST_MATH = YES;
				SWIFT_COMPILATION_MODE = wholemodule;
				SWIFT_OPTIMIZATION_LEVEL = "-O";
			};
			name = Release;
		};
		9F8B5B0A292E576F0032273B /* Debug */ = {
			isa = XCBuildConfiguration;
			buildSettings = {
				ASSETCATALOG_COMPILER_APPICON_NAME = AppIcon;
				ASSETCATALOG_COMPILER_GLOBAL_ACCENT_COLOR_NAME = AccentColor;
				CODE_SIGN_ENTITLEMENTS = QUIC/QUIC.entitlements;
				CODE_SIGN_STYLE = Automatic;
				CURRENT_PROJECT_VERSION = 1;
				DEVELOPMENT_ASSET_PATHS = "\"QUIC/Preview Content\"";
				DEVELOPMENT_TEAM = 4HDBBU25PK;
				ENABLE_HARDENED_RUNTIME = YES;
				ENABLE_PREVIEWS = YES;
				GENERATE_INFOPLIST_FILE = YES;
				"INFOPLIST_KEY_UIApplicationSceneManifest_Generation[sdk=iphoneos*]" = YES;
				"INFOPLIST_KEY_UIApplicationSceneManifest_Generation[sdk=iphonesimulator*]" = YES;
				"INFOPLIST_KEY_UIApplicationSupportsIndirectInputEvents[sdk=iphoneos*]" = YES;
				"INFOPLIST_KEY_UIApplicationSupportsIndirectInputEvents[sdk=iphonesimulator*]" = YES;
				"INFOPLIST_KEY_UILaunchScreen_Generation[sdk=iphoneos*]" = YES;
				"INFOPLIST_KEY_UILaunchScreen_Generation[sdk=iphonesimulator*]" = YES;
				"INFOPLIST_KEY_UIStatusBarStyle[sdk=iphoneos*]" = UIStatusBarStyleDefault;
				"INFOPLIST_KEY_UIStatusBarStyle[sdk=iphonesimulator*]" = UIStatusBarStyleDefault;
				INFOPLIST_KEY_UISupportedInterfaceOrientations_iPad = "UIInterfaceOrientationPortrait UIInterfaceOrientationPortraitUpsideDown UIInterfaceOrientationLandscapeLeft UIInterfaceOrientationLandscapeRight";
				INFOPLIST_KEY_UISupportedInterfaceOrientations_iPhone = "UIInterfaceOrientationPortrait UIInterfaceOrientationLandscapeLeft UIInterfaceOrientationLandscapeRight";
				IPHONEOS_DEPLOYMENT_TARGET = 16.1;
				LD_RUNPATH_SEARCH_PATHS = "@executable_path/Frameworks";
				"LD_RUNPATH_SEARCH_PATHS[sdk=macosx*]" = "@executable_path/../Frameworks";
				MACOSX_DEPLOYMENT_TARGET = 13.0;
				MARKETING_VERSION = 1.0;
				PRODUCT_BUNDLE_IDENTIFIER = br.app.QUIC;
				PRODUCT_NAME = "$(TARGET_NAME)";
				SDKROOT = auto;
				SUPPORTED_PLATFORMS = "iphoneos iphonesimulator macosx";
				SWIFT_EMIT_LOC_STRINGS = YES;
				SWIFT_VERSION = 5.0;
				TARGETED_DEVICE_FAMILY = "1,2";
			};
			name = Debug;
		};
		9F8B5B0B292E576F0032273B /* Release */ = {
			isa = XCBuildConfiguration;
			buildSettings = {
				ASSETCATALOG_COMPILER_APPICON_NAME = AppIcon;
				ASSETCATALOG_COMPILER_GLOBAL_ACCENT_COLOR_NAME = AccentColor;
				CODE_SIGN_ENTITLEMENTS = QUIC/QUIC.entitlements;
				CODE_SIGN_STYLE = Automatic;
				CURRENT_PROJECT_VERSION = 1;
				DEVELOPMENT_ASSET_PATHS = "\"QUIC/Preview Content\"";
				DEVELOPMENT_TEAM = 4HDBBU25PK;
				ENABLE_HARDENED_RUNTIME = YES;
				ENABLE_PREVIEWS = YES;
				GENERATE_INFOPLIST_FILE = YES;
				"INFOPLIST_KEY_UIApplicationSceneManifest_Generation[sdk=iphoneos*]" = YES;
				"INFOPLIST_KEY_UIApplicationSceneManifest_Generation[sdk=iphonesimulator*]" = YES;
				"INFOPLIST_KEY_UIApplicationSupportsIndirectInputEvents[sdk=iphoneos*]" = YES;
				"INFOPLIST_KEY_UIApplicationSupportsIndirectInputEvents[sdk=iphonesimulator*]" = YES;
				"INFOPLIST_KEY_UILaunchScreen_Generation[sdk=iphoneos*]" = YES;
				"INFOPLIST_KEY_UILaunchScreen_Generation[sdk=iphonesimulator*]" = YES;
				"INFOPLIST_KEY_UIStatusBarStyle[sdk=iphoneos*]" = UIStatusBarStyleDefault;
				"INFOPLIST_KEY_UIStatusBarStyle[sdk=iphonesimulator*]" = UIStatusBarStyleDefault;
				INFOPLIST_KEY_UISupportedInterfaceOrientations_iPad = "UIInterfaceOrientationPortrait UIInterfaceOrientationPortraitUpsideDown UIInterfaceOrientationLandscapeLeft UIInterfaceOrientationLandscapeRight";
				INFOPLIST_KEY_UISupportedInterfaceOrientations_iPhone = "UIInterfaceOrientationPortrait UIInterfaceOrientationLandscapeLeft UIInterfaceOrientationLandscapeRight";
				IPHONEOS_DEPLOYMENT_TARGET = 16.1;
				LD_RUNPATH_SEARCH_PATHS = "@executable_path/Frameworks";
				"LD_RUNPATH_SEARCH_PATHS[sdk=macosx*]" = "@executable_path/../Frameworks";
				MACOSX_DEPLOYMENT_TARGET = 13.0;
				MARKETING_VERSION = 1.0;
				PRODUCT_BUNDLE_IDENTIFIER = br.app.QUIC;
				PRODUCT_NAME = "$(TARGET_NAME)";
				SDKROOT = auto;
				SUPPORTED_PLATFORMS = "iphoneos iphonesimulator macosx";
				SWIFT_EMIT_LOC_STRINGS = YES;
				SWIFT_VERSION = 5.0;
				TARGETED_DEVICE_FAMILY = "1,2";
			};
			name = Release;
		};
		9F8B5B0D292E576F0032273B /* Debug */ = {
			isa = XCBuildConfiguration;
			buildSettings = {
				ALWAYS_EMBED_SWIFT_STANDARD_LIBRARIES = YES;
				BUNDLE_LOADER = "$(TEST_HOST)";
				CODE_SIGN_STYLE = Automatic;
				CURRENT_PROJECT_VERSION = 1;
				DEVELOPMENT_TEAM = 4HDBBU25PK;
				GENERATE_INFOPLIST_FILE = YES;
				IPHONEOS_DEPLOYMENT_TARGET = 16.1;
				MACOSX_DEPLOYMENT_TARGET = 13.0;
				MARKETING_VERSION = 1.0;
				PRODUCT_BUNDLE_IDENTIFIER = br.app.QUICTests;
				PRODUCT_NAME = "$(TARGET_NAME)";
				SDKROOT = auto;
				SUPPORTED_PLATFORMS = "iphoneos iphonesimulator macosx";
				SWIFT_EMIT_LOC_STRINGS = NO;
				SWIFT_VERSION = 5.0;
				TARGETED_DEVICE_FAMILY = "1,2";
				TEST_HOST = "$(BUILT_PRODUCTS_DIR)/QUIC.app/$(BUNDLE_EXECUTABLE_FOLDER_PATH)/QUIC";
			};
			name = Debug;
		};
		9F8B5B0E292E576F0032273B /* Release */ = {
			isa = XCBuildConfiguration;
			buildSettings = {
				ALWAYS_EMBED_SWIFT_STANDARD_LIBRARIES = YES;
				BUNDLE_LOADER = "$(TEST_HOST)";
				CODE_SIGN_STYLE = Automatic;
				CURRENT_PROJECT_VERSION = 1;
				DEVELOPMENT_TEAM = 4HDBBU25PK;
				GENERATE_INFOPLIST_FILE = YES;
				IPHONEOS_DEPLOYMENT_TARGET = 16.1;
				MACOSX_DEPLOYMENT_TARGET = 13.0;
				MARKETING_VERSION = 1.0;
				PRODUCT_BUNDLE_IDENTIFIER = br.app.QUICTests;
				PRODUCT_NAME = "$(TARGET_NAME)";
				SDKROOT = auto;
				SUPPORTED_PLATFORMS = "iphoneos iphonesimulator macosx";
				SWIFT_EMIT_LOC_STRINGS = NO;
				SWIFT_VERSION = 5.0;
				TARGETED_DEVICE_FAMILY = "1,2";
				TEST_HOST = "$(BUILT_PRODUCTS_DIR)/QUIC.app/$(BUNDLE_EXECUTABLE_FOLDER_PATH)/QUIC";
			};
			name = Release;
		};
		9F8B5B10292E576F0032273B /* Debug */ = {
			isa = XCBuildConfiguration;
			buildSettings = {
				ALWAYS_EMBED_SWIFT_STANDARD_LIBRARIES = YES;
				CODE_SIGN_STYLE = Automatic;
				CURRENT_PROJECT_VERSION = 1;
				DEVELOPMENT_TEAM = 4HDBBU25PK;
				GENERATE_INFOPLIST_FILE = YES;
				IPHONEOS_DEPLOYMENT_TARGET = 16.1;
				MACOSX_DEPLOYMENT_TARGET = 13.0;
				MARKETING_VERSION = 1.0;
				PRODUCT_BUNDLE_IDENTIFIER = br.app.QUICUITests;
				PRODUCT_NAME = "$(TARGET_NAME)";
				SDKROOT = auto;
				SUPPORTED_PLATFORMS = "iphoneos iphonesimulator macosx";
				SWIFT_EMIT_LOC_STRINGS = NO;
				SWIFT_VERSION = 5.0;
				TARGETED_DEVICE_FAMILY = "1,2";
				TEST_TARGET_NAME = QUIC;
			};
			name = Debug;
		};
		9F8B5B11292E576F0032273B /* Release */ = {
			isa = XCBuildConfiguration;
			buildSettings = {
				ALWAYS_EMBED_SWIFT_STANDARD_LIBRARIES = YES;
				CODE_SIGN_STYLE = Automatic;
				CURRENT_PROJECT_VERSION = 1;
				DEVELOPMENT_TEAM = 4HDBBU25PK;
				GENERATE_INFOPLIST_FILE = YES;
				IPHONEOS_DEPLOYMENT_TARGET = 16.1;
				MACOSX_DEPLOYMENT_TARGET = 13.0;
				MARKETING_VERSION = 1.0;
				PRODUCT_BUNDLE_IDENTIFIER = br.app.QUICUITests;
				PRODUCT_NAME = "$(TARGET_NAME)";
				SDKROOT = auto;
				SUPPORTED_PLATFORMS = "iphoneos iphonesimulator macosx";
				SWIFT_EMIT_LOC_STRINGS = NO;
				SWIFT_VERSION = 5.0;
				TARGETED_DEVICE_FAMILY = "1,2";
				TEST_TARGET_NAME = QUIC;
			};
			name = Release;
		};
/* End XCBuildConfiguration section */

/* Begin XCConfigurationList section */
		9F8B5ADF292E576E0032273B /* Build configuration list for PBXProject "QUIC" */ = {
			isa = XCConfigurationList;
			buildConfigurations = (
				9F8B5B07292E576F0032273B /* Debug */,
				9F8B5B08292E576F0032273B /* Release */,
			);
			defaultConfigurationIsVisible = 0;
			defaultConfigurationName = Release;
		};
		9F8B5B09292E576F0032273B /* Build configuration list for PBXNativeTarget "QUIC" */ = {
			isa = XCConfigurationList;
			buildConfigurations = (
				9F8B5B0A292E576F0032273B /* Debug */,
				9F8B5B0B292E576F0032273B /* Release */,
			);
			defaultConfigurationIsVisible = 0;
			defaultConfigurationName = Release;
		};
		9F8B5B0C292E576F0032273B /* Build configuration list for PBXNativeTarget "QUICTests" */ = {
			isa = XCConfigurationList;
			buildConfigurations = (
				9F8B5B0D292E576F0032273B /* Debug */,
				9F8B5B0E292E576F0032273B /* Release */,
			);
			defaultConfigurationIsVisible = 0;
			defaultConfigurationName = Release;
		};
		9F8B5B0F292E576F0032273B /* Build configuration list for PBXNativeTarget "QUICUITests" */ = {
			isa = XCConfigurationList;
			buildConfigurations = (
				9F8B5B10292E576F0032273B /* Debug */,
				9F8B5B11292E576F0032273B /* Release */,
			);
			defaultConfigurationIsVisible = 0;
			defaultConfigurationName = Release;
		};
/* End XCConfigurationList section */
	};
	rootObject = 9F8B5ADC292E576E0032273B /* Project object */;
}
